# This file is automatically @generated by Cargo.
# It is not intended for manual editing.
version = 3

[[package]]
name = "atomic-polyfill"
version = "1.0.3"
source = "registry+https://github.com/rust-lang/crates.io-index"
checksum = "8cf2bce30dfe09ef0bfaef228b9d414faaf7e563035494d7fe092dba54b300f4"
dependencies = [
 "critical-section",
]

[[package]]
name = "bare-metal"
version = "0.2.5"
source = "registry+https://github.com/rust-lang/crates.io-index"
checksum = "5deb64efa5bd81e31fcd1938615a6d98c82eafcbcd787162b6f63b91d6bac5b3"
dependencies = [
 "rustc_version",
]

[[package]]
name = "bare-metal"
version = "1.0.0"
source = "registry+https://github.com/rust-lang/crates.io-index"
checksum = "f8fe8f5a8a398345e52358e18ff07cc17a568fbca5c6f73873d3a62056309603"

[[package]]
name = "bbqueue"
version = "0.5.1"
source = "registry+https://github.com/rust-lang/crates.io-index"
checksum = "fd3baa8859d1a4c7411039a75c0599a4640ef1c9a8fc811e4325b00e6cfe0a55"

[[package]]
name = "bitfield"
version = "0.13.2"
source = "registry+https://github.com/rust-lang/crates.io-index"
checksum = "46afbd2983a5d5a7bd740ccb198caf5b82f45c40c09c0eed36052d91cb92e719"

[[package]]
name = "bitflags"
version = "1.3.2"
source = "registry+https://github.com/rust-lang/crates.io-index"
checksum = "bef38d45163c2f1dde094a7dfd33ccf595c92905c8f8f4fdc18d06fb1037718a"

[[package]]
name = "cfg-if"
version = "1.0.0"
source = "registry+https://github.com/rust-lang/crates.io-index"
checksum = "baf1de4339761588bc0619e3cbc0120ee582ebb74b53b4efbf79117bd2da40fd"

[[package]]
name = "cortex-m"
version = "0.7.7"
source = "registry+https://github.com/rust-lang/crates.io-index"
checksum = "8ec610d8f49840a5b376c69663b6369e71f4b34484b9b2eb29fb918d92516cb9"
dependencies = [
 "bare-metal 0.2.5",
 "bitfield",
 "critical-section",
 "embedded-hal 0.2.7",
 "volatile-register",
]

[[package]]
name = "cortex-m-rt"
version = "0.7.3"
source = "registry+https://github.com/rust-lang/crates.io-index"
checksum = "ee84e813d593101b1723e13ec38b6ab6abbdbaaa4546553f5395ed274079ddb1"
dependencies = [
 "cortex-m-rt-macros",
]

[[package]]
name = "cortex-m-rt-macros"
version = "0.7.0"
source = "registry+https://github.com/rust-lang/crates.io-index"
checksum = "f0f6f3e36f203cfedbc78b357fb28730aa2c6dc1ab060ee5c2405e843988d3c7"
dependencies = [
 "proc-macro2",
 "quote",
 "syn 1.0.109",
]

[[package]]
name = "critical-section"
version = "1.1.2"
source = "registry+https://github.com/rust-lang/crates.io-index"
checksum = "7059fff8937831a9ae6f0fe4d658ffabf58f2ca96aa9dec1c889f936f705f216"

[[package]]
name = "defmt"
version = "0.3.5"
source = "registry+https://github.com/rust-lang/crates.io-index"
checksum = "a8a2d011b2fee29fb7d659b83c43fce9a2cb4df453e16d441a51448e448f3f98"
dependencies = [
 "bitflags",
 "defmt-macros",
]

[[package]]
name = "defmt-macros"
version = "0.3.6"
source = "registry+https://github.com/rust-lang/crates.io-index"
checksum = "54f0216f6c5acb5ae1a47050a6645024e6edafc2ee32d421955eccfef12ef92e"
dependencies = [
 "defmt-parser",
 "proc-macro-error",
 "proc-macro2",
 "quote",
 "syn 2.0.38",
]

[[package]]
name = "defmt-parser"
version = "0.3.3"
source = "registry+https://github.com/rust-lang/crates.io-index"
checksum = "269924c02afd7f94bc4cecbfa5c379f6ffcf9766b3408fe63d22c728654eccd0"
dependencies = [
 "thiserror",
]

[[package]]
name = "embedded-hal"
version = "0.2.7"
source = "registry+https://github.com/rust-lang/crates.io-index"
checksum = "35949884794ad573cf46071e41c9b60efb0cb311e3ca01f7af807af1debc66ff"
dependencies = [
 "nb 0.1.3",
 "void",
]

[[package]]
name = "embedded-hal"
version = "1.0.0-rc.1"
source = "registry+https://github.com/rust-lang/crates.io-index"
checksum = "2894bc2f0457b8ca3d6b8ab8aad64d9337583672494013457f86c5a9146c0e22"

[[package]]
name = "equivalent"
version = "1.0.1"
source = "registry+https://github.com/rust-lang/crates.io-index"
checksum = "5443807d6dff69373d433ab9ef5378ad8df50ca6298caf15de6e52e24aaf54d5"

[[package]]
name = "fugit"
version = "0.3.7"
source = "registry+https://github.com/rust-lang/crates.io-index"
checksum = "17186ad64927d5ac8f02c1e77ccefa08ccd9eaa314d5a4772278aa204a22f7e7"
dependencies = [
 "gcd",
]

[[package]]
name = "futures-core"
version = "0.3.29"
source = "registry+https://github.com/rust-lang/crates.io-index"
checksum = "eb1d22c66e66d9d72e1758f0bd7d4fd0bee04cad842ee34587d68c07e45d088c"

[[package]]
name = "futures-task"
version = "0.3.29"
source = "registry+https://github.com/rust-lang/crates.io-index"
checksum = "efd193069b0ddadc69c46389b740bbccdd97203899b48d09c5f7969591d6bae2"

[[package]]
name = "futures-util"
version = "0.3.29"
source = "registry+https://github.com/rust-lang/crates.io-index"
checksum = "a19526d624e703a3179b3d322efec918b6246ea0fa51d41124525f00f1cc8104"
dependencies = [
 "futures-core",
 "futures-task",
 "pin-project-lite",
 "pin-utils",
]

[[package]]
name = "gcd"
version = "2.3.0"
source = "registry+https://github.com/rust-lang/crates.io-index"
checksum = "1d758ba1b47b00caf47f24925c0074ecb20d6dfcffe7f6d53395c0465674841a"

[[package]]
name = "hashbrown"
version = "0.14.2"
source = "registry+https://github.com/rust-lang/crates.io-index"
checksum = "f93e7192158dbcda357bdec5fb5788eebf8bbac027f3f33e719d29135ae84156"

[[package]]
name = "imxrt-blinky"
version = "0.1.0"
dependencies = [
 "embedded-hal 0.2.7",
 "imxrt-log",
 "imxrt-uart-panic",
 "log",
 "nb 1.1.0",
 "rtic",
 "rtic-monotonics",
 "teensy4-bsp",
 "teensy4-panic",
]

[[package]]
name = "imxrt-boot-gen"
version = "0.3.1"
source = "registry+https://github.com/rust-lang/crates.io-index"
checksum = "e90bcb04a4619e58f8662d6d993b6318d04416936550cd3d721938d254f5fe19"

[[package]]
name = "imxrt-dma"
version = "0.1.1"
source = "registry+https://github.com/rust-lang/crates.io-index"
checksum = "0be4dc99cfca9c88c3478be3cba16ca3e3b2bde180e1dd69f7d04f470d6412a4"
dependencies = [
 "cortex-m",
 "ral-registers",
]

[[package]]
name = "imxrt-hal"
version = "0.5.3"
source = "registry+https://github.com/rust-lang/crates.io-index"
checksum = "b48e06b1cd447190708b1e25c3bdc9bb34ef35d5930d39a03d36a3e788fffd81"
dependencies = [
 "bitflags",
 "cfg-if",
 "embedded-hal 0.2.7",
 "fugit",
 "imxrt-dma",
 "imxrt-iomuxc",
 "imxrt-ral",
 "imxrt-usbd",
 "nb 1.1.0",
 "void",
]

[[package]]
name = "imxrt-iomuxc"
version = "0.2.3"
source = "registry+https://github.com/rust-lang/crates.io-index"
checksum = "bcc265810697eb1ae9003f2c32da7b389b465a8485a934941a9d72be16713f60"

[[package]]
name = "imxrt-log"
version = "0.1.1"
source = "registry+https://github.com/rust-lang/crates.io-index"
checksum = "fa66f5d6331f47afc29af176d337c5556e677549a0dc7aef5692134d81372d69"
dependencies = [
 "bbqueue",
 "critical-section",
 "defmt",
 "imxrt-hal",
 "imxrt-usbd",
 "log",
 "usb-device",
 "usbd-serial",
]

[[package]]
name = "imxrt-ral"
version = "0.5.3"
source = "registry+https://github.com/rust-lang/crates.io-index"
checksum = "5fb8b67f5867258a62fcbfa51ae0985d7fa2d5ffdb5b9c4f559b0af110300369"
dependencies = [
 "cortex-m",
 "ral-registers",
]

[[package]]
name = "imxrt-rt"
version = "0.1.3"
source = "registry+https://github.com/rust-lang/crates.io-index"
checksum = "3ab95fbf48de9bd0f127ecdae1b482f4250c7c1258ff6dec484c4df92ae293c8"
dependencies = [
 "cfg-if",
 "cortex-m-rt",
]

[[package]]
name = "imxrt-uart-panic"
version = "0.1.1"
source = "registry+https://github.com/rust-lang/crates.io-index"
checksum = "fbec2a318caf77dd2299f23982a2cc3435af8cc0b99787eaba3dbff711efc1d3"
dependencies = [
 "cortex-m",
 "embedded-hal 0.2.7",
 "imxrt-hal",
 "imxrt-ral",
 "nb 1.1.0",
]

[[package]]
name = "imxrt-usbd"
version = "0.2.2"
source = "registry+https://github.com/rust-lang/crates.io-index"
checksum = "c1212c31e391faaad032fdc248427e0cfb000c59ddeb00b3f95ca16a63942b83"
dependencies = [
 "bitflags",
 "cortex-m",
 "ral-registers",
 "usb-device",
]

[[package]]
name = "indexmap"
version = "2.1.0"
source = "registry+https://github.com/rust-lang/crates.io-index"
checksum = "d530e1a18b1cb4c484e6e34556a0d948706958449fca0cab753d649f2bce3d1f"
dependencies = [
 "equivalent",
 "hashbrown",
]

[[package]]
name = "log"
version = "0.4.20"
source = "registry+https://github.com/rust-lang/crates.io-index"
checksum = "b5e6163cb8c49088c2c36f57875e58ccd8c87c7427f7fbd50ea6710b2f3f2e8f"

[[package]]
name = "nb"
version = "0.1.3"
source = "registry+https://github.com/rust-lang/crates.io-index"
checksum = "801d31da0513b6ec5214e9bf433a77966320625a37860f910be265be6e18d06f"
dependencies = [
 "nb 1.1.0",
]

[[package]]
name = "nb"
version = "1.1.0"
source = "registry+https://github.com/rust-lang/crates.io-index"
checksum = "8d5439c4ad607c3c23abf66de8c8bf57ba8adcd1f129e699851a6e43935d339d"

[[package]]
name = "pin-project-lite"
version = "0.2.13"
source = "registry+https://github.com/rust-lang/crates.io-index"
checksum = "8afb450f006bf6385ca15ef45d71d2288452bc3683ce2e2cacc0d18e4be60b58"

[[package]]
name = "pin-utils"
version = "0.1.0"
source = "registry+https://github.com/rust-lang/crates.io-index"
checksum = "8b870d8c151b6f2fb93e84a13146138f05d02ed11c7e7c54f8826aaaf7c9f184"

[[package]]
name = "portable-atomic"
version = "1.5.1"
source = "registry+https://github.com/rust-lang/crates.io-index"
checksum = "3bccab0e7fd7cc19f820a1c8c91720af652d0c88dc9664dd72aef2614f04af3b"

[[package]]
name = "proc-macro-error"
version = "1.0.4"
source = "registry+https://github.com/rust-lang/crates.io-index"
checksum = "da25490ff9892aab3fcf7c36f08cfb902dd3e71ca0f9f9517bea02a73a5ce38c"
dependencies = [
 "proc-macro-error-attr",
 "proc-macro2",
 "quote",
 "syn 1.0.109",
 "version_check",
]

[[package]]
name = "proc-macro-error-attr"
version = "1.0.4"
source = "registry+https://github.com/rust-lang/crates.io-index"
checksum = "a1be40180e52ecc98ad80b184934baf3d0d29f979574e439af5a55274b35f869"
dependencies = [
 "proc-macro2",
 "quote",
 "version_check",
]

[[package]]
name = "proc-macro2"
version = "1.0.69"
source = "registry+https://github.com/rust-lang/crates.io-index"
checksum = "134c189feb4956b20f6f547d2cf727d4c0fe06722b20a0eec87ed445a97f92da"
dependencies = [
 "unicode-ident",
]

[[package]]
name = "quote"
version = "1.0.33"
source = "registry+https://github.com/rust-lang/crates.io-index"
checksum = "5267fca4496028628a95160fc423a33e8b2e6af8a5302579e322e4b520293cae"
dependencies = [
 "proc-macro2",
]

[[package]]
name = "ral-registers"
version = "0.1.3"
source = "registry+https://github.com/rust-lang/crates.io-index"
checksum = "46b71a9d9206e8b46714c74255adcaea8b11e0350c1d8456165073c3f75fc81a"

[[package]]
name = "rtic"
version = "2.0.1"
dependencies = [
 "atomic-polyfill",
 "bare-metal 1.0.0",
 "cortex-m",
 "critical-section",
 "rtic-core",
 "rtic-macros",
]

[[package]]
name = "rtic-common"
version = "1.0.1"
dependencies = [
 "critical-section",
 "portable-atomic",
]

[[package]]
name = "rtic-core"
version = "1.0.0"
source = "registry+https://github.com/rust-lang/crates.io-index"
checksum = "d9369355b04d06a3780ec0f51ea2d225624db777acbc60abd8ca4832da5c1a42"

[[package]]
name = "rtic-macros"
version = "2.0.1"
dependencies = [
 "indexmap",
 "proc-macro-error",
 "proc-macro2",
 "quote",
 "syn 1.0.109",
]

[[package]]
name = "rtic-monotonics"
version = "1.2.1"
dependencies = [
 "atomic-polyfill",
 "cfg-if",
 "cortex-m",
 "embedded-hal 1.0.0-rc.1",
 "fugit",
 "imxrt-ral",
 "rtic-time",
]

[[package]]
name = "rtic-time"
version = "1.0.0"
dependencies = [
 "critical-section",
 "futures-util",
 "rtic-common",
]

[[package]]
name = "rustc_version"
version = "0.2.3"
source = "registry+https://github.com/rust-lang/crates.io-index"
checksum = "138e3e0acb6c9fb258b19b67cb8abd63c00679d2851805ea151465464fe9030a"
dependencies = [
 "semver",
]

[[package]]
name = "semver"
version = "0.9.0"
source = "registry+https://github.com/rust-lang/crates.io-index"
checksum = "1d7eb9ef2c18661902cc47e535f9bc51b78acd254da71d375c2f6720d9a40403"
dependencies = [
 "semver-parser",
]

[[package]]
name = "semver-parser"
version = "0.7.0"
source = "registry+https://github.com/rust-lang/crates.io-index"
checksum = "388a1df253eca08550bef6c72392cfe7c30914bf41df5269b68cbd6ff8f570a3"

[[package]]
name = "syn"
version = "1.0.109"
source = "registry+https://github.com/rust-lang/crates.io-index"
checksum = "72b64191b275b66ffe2469e8af2c1cfe3bafa67b529ead792a6d0160888b4237"
dependencies = [
 "proc-macro2",
 "quote",
 "unicode-ident",
]

[[package]]
name = "syn"
version = "2.0.38"
source = "registry+https://github.com/rust-lang/crates.io-index"
checksum = "e96b79aaa137db8f61e26363a0c9b47d8b4ec75da28b7d1d614c2303e232408b"
dependencies = [
 "proc-macro2",
 "quote",
 "unicode-ident",
]

[[package]]
name = "teensy4-bsp"
version = "0.4.4"
source = "registry+https://github.com/rust-lang/crates.io-index"
checksum = "a920208238f8ee2d2a4e29fdaf923a4025750a76baab845be96ec1d4ef184be8"
dependencies = [
 "cortex-m",
 "imxrt-hal",
 "imxrt-log",
 "imxrt-ral",
 "imxrt-rt",
 "teensy4-fcb",
 "teensy4-pins",
]

[[package]]
name = "teensy4-fcb"
version = "0.4.0"
source = "registry+https://github.com/rust-lang/crates.io-index"
checksum = "8007b6d680b853afd7aa5a4b2be509efac0b5063698a87f274206955afbf1d0f"
dependencies = [
 "imxrt-boot-gen",
]

[[package]]
name = "teensy4-panic"
version = "0.2.3"
source = "registry+https://github.com/rust-lang/crates.io-index"
checksum = "7c733a579f17557d093df6714a57d61841e9cbaa222384ca7ee1fbb334888c20"

[[package]]
name = "teensy4-pins"
version = "0.3.1"
source = "registry+https://github.com/rust-lang/crates.io-index"
checksum = "5a50cc992551983c0034014d58873af2153921cd22601c2194ae93f763f5ba06"
dependencies = [
 "imxrt-iomuxc",
]

[[package]]
name = "thiserror"
version = "1.0.50"
source = "registry+https://github.com/rust-lang/crates.io-index"
checksum = "f9a7210f5c9a7156bb50aa36aed4c95afb51df0df00713949448cf9e97d382d2"
dependencies = [
 "thiserror-impl",
]

[[package]]
name = "thiserror-impl"
version = "1.0.50"
source = "registry+https://github.com/rust-lang/crates.io-index"
checksum = "266b2e40bc00e5a6c09c3584011e08b06f123c00362c92b975ba9843aaaa14b8"
dependencies = [
 "proc-macro2",
 "quote",
 "syn 2.0.38",
]

[[package]]
name = "unicode-ident"
version = "1.0.12"
source = "registry+https://github.com/rust-lang/crates.io-index"
checksum = "3354b9ac3fae1ff6755cb6db53683adb661634f67557942dea4facebec0fee4b"

[[package]]
name = "usb-device"
version = "0.2.9"
source = "registry+https://github.com/rust-lang/crates.io-index"
checksum = "1f6cc3adc849b5292b4075fc0d5fdcf2f24866e88e336dd27a8943090a520508"

[[package]]
name = "usbd-serial"
version = "0.1.1"
source = "registry+https://github.com/rust-lang/crates.io-index"
checksum = "db75519b86287f12dcf0d171c7cf4ecc839149fe9f3b720ac4cfce52959e1dfe"
dependencies = [
 "embedded-hal 0.2.7",
 "nb 0.1.3",
 "usb-device",
]

[[package]]
name = "vcell"
version = "0.1.3"
source = "registry+https://github.com/rust-lang/crates.io-index"
checksum = "77439c1b53d2303b20d9459b1ade71a83c716e3f9c34f3228c00e6f185d6c002"

[[package]]
name = "version_check"
version = "0.9.4"
source = "registry+https://github.com/rust-lang/crates.io-index"
checksum = "49874b5167b65d7193b8aba1567f5c7d93d001cafc34600cee003eda787e483f"

[[package]]
name = "void"
version = "1.0.2"
source = "registry+https://github.com/rust-lang/crates.io-index"
checksum = "6a02e4885ed3bc0f2de90ea6dd45ebcbb66dacffe03547fadbb0eeae2770887d"

[[package]]
name = "volatile-register"
version = "0.2.2"
source = "registry+https://github.com/rust-lang/crates.io-index"
checksum = "de437e2a6208b014ab52972a27e59b33fa2920d3e00fe05026167a1c509d19cc"
dependencies = [
 "vcell",
]
