# This file is automatically @generated by Cargo.
# It is not intended for manual editing.
version = 4

[[package]]
name = "anyhow"
version = "1.0.99"
source = "registry+https://github.com/rust-lang/crates.io-index"
checksum = "b0674a1ddeecb70197781e945de4b3b8ffb61fa939a5597bcf48503737663100"

[[package]]
name = "autocfg"
version = "1.5.0"
source = "registry+https://github.com/rust-lang/crates.io-index"
checksum = "c08606f8c3cbf4ce6ec8e28fb0014a2c086708fe954eaa885384a6165172e7e8"

[[package]]
name = "bare-metal"
version = "1.0.0"
source = "registry+https://github.com/rust-lang/crates.io-index"
checksum = "f8fe8f5a8a398345e52358e18ff07cc17a568fbca5c6f73873d3a62056309603"

[[package]]
name = "basic-toml"
version = "0.1.10"
source = "registry+https://github.com/rust-lang/crates.io-index"
checksum = "ba62675e8242a4c4e806d12f11d136e626e6c8361d6b829310732241652a178a"
dependencies = [
 "serde",
]

[[package]]
name = "bitfield"
version = "0.19.2"
source = "registry+https://github.com/rust-lang/crates.io-index"
checksum = "62a3a774b2fcac1b726922b921ebba5e9fe36ad37659c822cf8ff2c1e0819892"
dependencies = [
 "bitfield-macros",
]

[[package]]
name = "bitfield-macros"
version = "0.19.2"
source = "registry+https://github.com/rust-lang/crates.io-index"
checksum = "52511b09931f7d5fe3a14f23adefbc23e5725b184013e96c8419febb61f14734"
dependencies = [
 "proc-macro2",
 "quote",
 "syn",
]

[[package]]
name = "bitflags"
version = "2.9.4"
source = "registry+https://github.com/rust-lang/crates.io-index"
checksum = "2261d10cca569e4643e526d8dc2e62e433cc8aba21ab764233731f8d369bf394"

[[package]]
name = "bytemuck"
version = "1.23.2"
source = "registry+https://github.com/rust-lang/crates.io-index"
checksum = "3995eaeebcdf32f91f980d360f78732ddc061097ab4e39991ae7a6ace9194677"

[[package]]
name = "byteorder"
version = "1.5.0"
source = "registry+https://github.com/rust-lang/crates.io-index"
checksum = "1fd0f2584146f6f2ef48085050886acf353beff7305ebd1ae69500e27c67f64b"

[[package]]
name = "cfg-if"
version = "1.0.3"
source = "registry+https://github.com/rust-lang/crates.io-index"
checksum = "2fd1289c04a9ea8cb22300a459a72a385d7c73d3259e2ed7dcb2af674838cfa9"

[[package]]
name = "critical-section"
version = "1.2.0"
source = "registry+https://github.com/rust-lang/crates.io-index"
checksum = "790eea4361631c5e7d22598ecd5723ff611904e3344ce8720784c93e3d83d40b"

[[package]]
name = "crypto-common"
version = "0.1.6"
source = "registry+https://github.com/rust-lang/crates.io-index"
checksum = "1bfb12502f3fc46cca1bb51ac28df9d618d813cdc3d2f25b9fe775a34af26bb3"
dependencies = [
 "generic-array",
 "typenum",
]

[[package]]
name = "darling"
version = "0.20.11"
source = "registry+https://github.com/rust-lang/crates.io-index"
checksum = "fc7f46116c46ff9ab3eb1597a45688b6715c6e628b5c133e288e709a29bcb4ee"
dependencies = [
 "darling_core 0.20.11",
 "darling_macro 0.20.11",
]

[[package]]
name = "darling"
version = "0.21.3"
source = "registry+https://github.com/rust-lang/crates.io-index"
checksum = "9cdf337090841a411e2a7f3deb9187445851f91b309c0c0a29e05f74a00a48c0"
dependencies = [
 "darling_core 0.21.3",
 "darling_macro 0.21.3",
]

[[package]]
name = "darling_core"
version = "0.20.11"
source = "registry+https://github.com/rust-lang/crates.io-index"
checksum = "0d00b9596d185e565c2207a0b01f8bd1a135483d02d9b7b0a54b11da8d53412e"
dependencies = [
 "fnv",
 "ident_case",
 "proc-macro2",
 "quote",
 "strsim",
 "syn",
]

[[package]]
name = "darling_core"
version = "0.21.3"
source = "registry+https://github.com/rust-lang/crates.io-index"
checksum = "1247195ecd7e3c85f83c8d2a366e4210d588e802133e1e355180a9870b517ea4"
dependencies = [
 "fnv",
 "ident_case",
 "proc-macro2",
 "quote",
 "syn",
]

[[package]]
name = "darling_macro"
version = "0.20.11"
source = "registry+https://github.com/rust-lang/crates.io-index"
checksum = "fc34b93ccb385b40dc71c6fceac4b2ad23662c7eeb248cf10d529b7e055b6ead"
dependencies = [
 "darling_core 0.20.11",
 "quote",
 "syn",
]

[[package]]
name = "darling_macro"
version = "0.21.3"
source = "registry+https://github.com/rust-lang/crates.io-index"
checksum = "d38308df82d1080de0afee5d069fa14b0326a88c14f15c5ccda35b4a6c414c81"
dependencies = [
 "darling_core 0.21.3",
 "quote",
 "syn",
]

[[package]]
name = "delegate"
version = "0.13.4"
source = "registry+https://github.com/rust-lang/crates.io-index"
checksum = "6178a82cf56c836a3ba61a7935cdb1c49bfaa6fa4327cd5bf554a503087de26b"
dependencies = [
 "proc-macro2",
 "quote",
 "syn",
]

[[package]]
name = "digest"
version = "0.10.7"
source = "registry+https://github.com/rust-lang/crates.io-index"
checksum = "9ed9a281f7bc9b7576e61468ba615a66a5c8cfdff42420a70aa82701a3b1e292"
dependencies = [
 "crypto-common",
]

[[package]]
name = "document-features"
version = "0.2.11"
source = "registry+https://github.com/rust-lang/crates.io-index"
checksum = "95249b50c6c185bee49034bcb378a49dc2b5dff0be90ff6616d31d64febab05d"
dependencies = [
 "litrs",
]

[[package]]
name = "embassy-embedded-hal"
version = "0.3.2"
source = "registry+https://github.com/rust-lang/crates.io-index"
checksum = "8c62a3bf127e03832fb97d8b01a058775e617653bc89e2a12c256485a7fb54c1"
dependencies = [
 "embassy-embedded-hal 0.4.0",
 "embassy-futures",
 "embassy-sync 0.6.2",
 "embassy-time",
 "embedded-hal 0.2.7",
 "embedded-hal 1.0.0",
 "embedded-hal-async",
 "embedded-storage",
 "embedded-storage-async",
 "nb 1.1.0",
]

[[package]]
name = "embassy-embedded-hal"
version = "0.4.0"
source = "registry+https://github.com/rust-lang/crates.io-index"
checksum = "d1611b7a7ab5d1fbed84c338df26d56fd9bded58006ebb029075112ed2c5e039"
dependencies = [
 "embassy-futures",
 "embassy-hal-internal",
 "embassy-sync 0.7.2",
 "embedded-hal 0.2.7",
 "embedded-hal 1.0.0",
 "embedded-hal-async",
 "embedded-storage",
 "embedded-storage-async",
 "nb 1.1.0",
]

[[package]]
name = "embassy-futures"
version = "0.1.2"
source = "registry+https://github.com/rust-lang/crates.io-index"
checksum = "dc2d050bdc5c21e0862a89256ed8029ae6c290a93aecefc73084b3002cdebb01"

[[package]]
name = "embassy-hal-internal"
version = "0.3.0"
source = "registry+https://github.com/rust-lang/crates.io-index"
checksum = "95285007a91b619dc9f26ea8f55452aa6c60f7115a4edc05085cd2bd3127cd7a"
dependencies = [
 "num-traits",
]

[[package]]
name = "embassy-sync"
version = "0.6.2"
source = "registry+https://github.com/rust-lang/crates.io-index"
checksum = "8d2c8cdff05a7a51ba0087489ea44b0b1d97a296ca6b1d6d1a33ea7423d34049"
dependencies = [
 "cfg-if",
 "critical-section",
 "embedded-io-async",
 "futures-sink",
 "futures-util",
 "heapless",
]

[[package]]
name = "embassy-sync"
version = "0.7.2"
source = "registry+https://github.com/rust-lang/crates.io-index"
checksum = "73974a3edbd0bd286759b3d483540f0ebef705919a5f56f4fc7709066f71689b"
dependencies = [
 "cfg-if",
 "critical-section",
 "embedded-io-async",
 "futures-core",
 "futures-sink",
 "heapless",
]

[[package]]
name = "embassy-time"
version = "0.4.0"
source = "registry+https://github.com/rust-lang/crates.io-index"
checksum = "f820157f198ada183ad62e0a66f554c610cdcd1a9f27d4b316358103ced7a1f8"
dependencies = [
 "cfg-if",
 "critical-section",
 "document-features",
 "embassy-time-driver",
 "embedded-hal 0.2.7",
 "embedded-hal 1.0.0",
 "embedded-hal-async",
 "futures-util",
]

[[package]]
name = "embassy-time-driver"
version = "0.2.1"
source = "registry+https://github.com/rust-lang/crates.io-index"
checksum = "a0a244c7dc22c8d0289379c8d8830cae06bb93d8f990194d0de5efb3b5ae7ba6"
dependencies = [
 "document-features",
]

[[package]]
name = "embedded-can"
version = "0.4.1"
source = "registry+https://github.com/rust-lang/crates.io-index"
checksum = "e9d2e857f87ac832df68fa498d18ddc679175cf3d2e4aa893988e5601baf9438"
dependencies = [
 "nb 1.1.0",
]

[[package]]
name = "embedded-hal"
version = "0.2.7"
source = "registry+https://github.com/rust-lang/crates.io-index"
checksum = "35949884794ad573cf46071e41c9b60efb0cb311e3ca01f7af807af1debc66ff"
dependencies = [
 "nb 0.1.3",
 "void",
]

[[package]]
name = "embedded-hal"
version = "1.0.0"
source = "registry+https://github.com/rust-lang/crates.io-index"
checksum = "361a90feb7004eca4019fb28352a9465666b24f840f5c3cddf0ff13920590b89"

[[package]]
name = "embedded-hal-async"
version = "1.0.0"
source = "registry+https://github.com/rust-lang/crates.io-index"
checksum = "0c4c685bbef7fe13c3c6dd4da26841ed3980ef33e841cddfa15ce8a8fb3f1884"
dependencies = [
 "embedded-hal 1.0.0",
]

[[package]]
name = "embedded-io"
version = "0.6.1"
source = "registry+https://github.com/rust-lang/crates.io-index"
checksum = "edd0f118536f44f5ccd48bcb8b111bdc3de888b58c74639dfb034a357d0f206d"

[[package]]
name = "embedded-io-async"
version = "0.6.1"
source = "registry+https://github.com/rust-lang/crates.io-index"
checksum = "3ff09972d4073aa8c299395be75161d582e7629cd663171d62af73c8d50dba3f"
dependencies = [
 "embedded-io",
]

[[package]]
name = "embedded-storage"
version = "0.3.1"
source = "registry+https://github.com/rust-lang/crates.io-index"
checksum = "a21dea9854beb860f3062d10228ce9b976da520a73474aed3171ec276bc0c032"

[[package]]
name = "embedded-storage-async"
version = "0.4.1"
source = "registry+https://github.com/rust-lang/crates.io-index"
checksum = "1763775e2323b7d5f0aa6090657f5e21cfa02ede71f5dc40eead06d64dcd15cc"
dependencies = [
 "embedded-storage",
]

[[package]]
name = "enumset"
version = "1.1.10"
source = "registry+https://github.com/rust-lang/crates.io-index"
checksum = "25b07a8dfbbbfc0064c0a6bdf9edcf966de6b1c33ce344bdeca3b41615452634"
dependencies = [
 "enumset_derive",
]

[[package]]
name = "enumset_derive"
version = "0.14.0"
source = "registry+https://github.com/rust-lang/crates.io-index"
checksum = "f43e744e4ea338060faee68ed933e46e722fb7f3617e722a5772d7e856d8b3ce"
dependencies = [
 "darling 0.21.3",
 "proc-macro2",
 "quote",
 "syn",
]

[[package]]
name = "equivalent"
version = "1.0.2"
source = "registry+https://github.com/rust-lang/crates.io-index"
checksum = "877a4ace8713b0bcf2a4e7eec82529c029f1d0619886d18145fea96c3ffe5c0f"

[[package]]
name = "esp-backtrace"
version = "0.17.0"
source = "registry+https://github.com/rust-lang/crates.io-index"
checksum = "5f270a29a3c4e492399b13e157b10151a7616cba69c4d554076ea93ed1bd2916"
dependencies = [
 "cfg-if",
 "esp-config",
 "esp-println",
 "heapless",
]

[[package]]
name = "esp-bootloader-esp-idf"
version = "0.2.0"
source = "registry+https://github.com/rust-lang/crates.io-index"
checksum = "3a093dbdc64b0288baacc214c2e8c2f3f13ecbf979c36ee2f63797ecf22538f1"
dependencies = [
 "cfg-if",
 "document-features",
 "embedded-storage",
 "esp-config",
 "esp-rom-sys",
 "jiff",
 "strum",
]

[[package]]
name = "esp-config"
version = "0.5.0"
source = "registry+https://github.com/rust-lang/crates.io-index"
checksum = "abd4a8db4b72794637a25944bc8d361c3cc271d4f03987ce8741312b6b61529c"
dependencies = [
 "document-features",
 "esp-metadata-generated",
 "evalexpr",
 "serde",
 "serde_yaml",
]

[[package]]
name = "esp-hal"
version = "1.0.0-rc.0"
source = "registry+https://github.com/rust-lang/crates.io-index"
checksum = "f3887eda2917deef3d99e7a5c324f9190714e99055361ad36890dffd0a995b49"
dependencies = [
 "bitfield",
 "bitflags",
 "bytemuck",
 "cfg-if",
 "critical-section",
 "delegate",
 "digest",
 "document-features",
 "embassy-embedded-hal 0.3.2",
 "embassy-futures",
 "embassy-sync 0.6.2",
 "embedded-can",
 "embedded-hal 1.0.0",
 "embedded-hal-async",
 "embedded-io",
 "embedded-io-async",
 "enumset",
 "esp-config",
 "esp-hal-procmacros",
 "esp-metadata-generated",
 "esp-riscv-rt",
 "esp-rom-sys",
 "esp32",
 "esp32c2",
 "esp32c3",
 "esp32c6",
 "esp32h2",
 "esp32s2",
 "esp32s3",
 "fugit",
 "instability",
 "nb 1.1.0",
 "paste",
 "portable-atomic",
 "rand_core 0.6.4",
 "rand_core 0.9.3",
 "riscv 0.12.1",
 "serde",
 "strum",
 "ufmt-write",
 "xtensa-lx",
 "xtensa-lx-rt",
]

[[package]]
name = "esp-hal-procmacros"
version = "0.19.0"
source = "registry+https://github.com/rust-lang/crates.io-index"
checksum = "fbece384edaf0d1eabfa45afa96d910634d4158638ef983b2d419a8dec832246"
dependencies = [
 "document-features",
 "litrs",
 "object",
 "proc-macro-crate",
 "proc-macro2",
 "quote",
 "syn",
 "termcolor",
]

[[package]]
name = "esp-metadata"
version = "0.8.0"
source = "registry+https://github.com/rust-lang/crates.io-index"
checksum = "a6fbc1d166be84c0750f121e95c8989ddebd7e7bdd86af3594a6cfb34f039650"
dependencies = [
 "anyhow",
 "basic-toml",
 "indexmap",
 "proc-macro2",
 "quote",
 "serde",
 "strum",
]

[[package]]
name = "esp-metadata-generated"
version = "0.1.0"
source = "registry+https://github.com/rust-lang/crates.io-index"
checksum = "189d36b8c8a752bdebec67fd02a15ebb1432feea345553749bca7ce2393cc795"
dependencies = [
 "esp-metadata",
]

[[package]]
name = "esp-println"
version = "0.15.0"
source = "registry+https://github.com/rust-lang/crates.io-index"
checksum = "3e7e3ab41e96093d7fd307e93bfc88bd646a8ff23036ebf809e116b18869f719"
dependencies = [
 "critical-section",
 "document-features",
 "esp-metadata-generated",
 "log",
 "portable-atomic",
]

[[package]]
name = "esp-riscv-rt"
version = "0.12.0"
source = "registry+https://github.com/rust-lang/crates.io-index"
checksum = "9a00370dfcb0ccc01c6b2540076379c6efd6890a27f584de217c38e3239e19d5"
dependencies = [
 "document-features",
 "riscv 0.12.1",
 "riscv-rt-macros",
]

[[package]]
name = "esp-rom-sys"
version = "0.1.1"
source = "registry+https://github.com/rust-lang/crates.io-index"
checksum = "646aca2b30503b6c6f34250255fbd5887fd0c4104ea90802c1fea34f3035e7d6"
dependencies = [
 "cfg-if",
 "document-features",
 "esp-metadata-generated",
]

[[package]]
name = "esp32"
version = "0.38.0"
source = "registry+https://github.com/rust-lang/crates.io-index"
checksum = "a7680f79e3a4770e59c2dc25b17dcd852921ee57ffae9a4c4806c9ca5001d54d"
dependencies = [
 "critical-section",
 "vcell",
]

[[package]]
name = "esp32-c6"
version = "0.2.0"
dependencies = [
 "esp-backtrace",
 "esp-bootloader-esp-idf",
 "esp-hal",
 "esp-println",
 "esp32c6",
 "rtic",
 "rtic-monotonics",
]

[[package]]
name = "esp32c2"
version = "0.27.0"
source = "registry+https://github.com/rust-lang/crates.io-index"
checksum = "da1bcf86fca83543e0e95561cba27bbcc6b6e7adc5428f49187f5868bc0c3ed2"
dependencies = [
 "critical-section",
 "vcell",
]

[[package]]
name = "esp32c3"
version = "0.30.0"
source = "registry+https://github.com/rust-lang/crates.io-index"
checksum = "ce2c5a33d4377f974cbe8cadf8307f04f2c39755704cb09e81852c63ee4ac7b8"
dependencies = [
 "critical-section",
 "vcell",
]

[[package]]
name = "esp32c6"
version = "0.21.0"
source = "registry+https://github.com/rust-lang/crates.io-index"
checksum = "2ca8fc81b7164df58b5e04aaac9e987459312e51903cca807317990293973a6e"
dependencies = [
 "critical-section",
 "vcell",
]

[[package]]
name = "esp32h2"
version = "0.17.0"
source = "registry+https://github.com/rust-lang/crates.io-index"
checksum = "80171d08c17d8c63b53334c60ca654786a7593481531d19b639c4e5c76d276de"
dependencies = [
 "critical-section",
 "vcell",
]

[[package]]
name = "esp32s2"
version = "0.29.0"
source = "registry+https://github.com/rust-lang/crates.io-index"
checksum = "4c90d347480fca91f4be3e94b576af9c6c7987795c58dc3c5a7c108b6b3966dc"
dependencies = [
 "critical-section",
 "vcell",
]

[[package]]
name = "esp32s3"
version = "0.33.0"
source = "registry+https://github.com/rust-lang/crates.io-index"
checksum = "a3769c56222c4548833f236c7009f1f8b3f2387af26366f6bd1cea456666a49d"
dependencies = [
 "critical-section",
 "vcell",
]

[[package]]
name = "evalexpr"
version = "12.0.2"
source = "registry+https://github.com/rust-lang/crates.io-index"
checksum = "02a3229bec56a977f174b32fe7b8d89e8c79ebb4493d10ad763b6676dc2dc0c9"

[[package]]
name = "fnv"
version = "1.0.7"
source = "registry+https://github.com/rust-lang/crates.io-index"
checksum = "3f9eec918d3f24069decb9af1554cad7c880e2da24a9afd88aca000531ab82c1"

[[package]]
name = "fugit"
version = "0.3.7"
source = "registry+https://github.com/rust-lang/crates.io-index"
checksum = "17186ad64927d5ac8f02c1e77ccefa08ccd9eaa314d5a4772278aa204a22f7e7"
dependencies = [
 "gcd",
]

[[package]]
name = "futures-core"
version = "0.3.31"
source = "registry+https://github.com/rust-lang/crates.io-index"
checksum = "05f29059c0c2090612e8d742178b0580d2dc940c837851ad723096f87af6663e"

[[package]]
name = "futures-sink"
version = "0.3.31"
source = "registry+https://github.com/rust-lang/crates.io-index"
checksum = "e575fab7d1e0dcb8d0c7bcf9a63ee213816ab51902e6d244a95819acacf1d4f7"

[[package]]
name = "futures-task"
version = "0.3.31"
source = "registry+https://github.com/rust-lang/crates.io-index"
checksum = "f90f7dce0722e95104fcb095585910c0977252f286e354b5e3bd38902cd99988"

[[package]]
name = "futures-util"
version = "0.3.31"
source = "registry+https://github.com/rust-lang/crates.io-index"
checksum = "9fa08315bb612088cc391249efdc3bc77536f16c91f6cf495e6fbe85b20a4a81"
dependencies = [
 "futures-core",
 "futures-task",
 "pin-project-lite",
 "pin-utils",
]

[[package]]
name = "gcd"
version = "2.3.0"
source = "registry+https://github.com/rust-lang/crates.io-index"
checksum = "1d758ba1b47b00caf47f24925c0074ecb20d6dfcffe7f6d53395c0465674841a"

[[package]]
name = "generic-array"
version = "0.14.7"
source = "registry+https://github.com/rust-lang/crates.io-index"
checksum = "85649ca51fd72272d7821adaf274ad91c288277713d9c18820d8499a7ff69e9a"
dependencies = [
 "typenum",
 "version_check",
]

[[package]]
name = "hash32"
version = "0.3.1"
source = "registry+https://github.com/rust-lang/crates.io-index"
checksum = "47d60b12902ba28e2730cd37e95b8c9223af2808df9e902d4df49588d1470606"
dependencies = [
 "byteorder",
]

[[package]]
name = "hashbrown"
version = "0.15.5"
source = "registry+https://github.com/rust-lang/crates.io-index"
checksum = "9229cfe53dfd69f0609a49f65461bd93001ea1ef889cd5529dd176593f5338a1"

[[package]]
name = "heapless"
version = "0.8.0"
source = "registry+https://github.com/rust-lang/crates.io-index"
checksum = "0bfb9eb618601c89945a70e254898da93b13be0388091d42117462b265bb3fad"
dependencies = [
 "hash32",
 "stable_deref_trait",
]

[[package]]
name = "heck"
version = "0.5.0"
source = "registry+https://github.com/rust-lang/crates.io-index"
checksum = "2304e00983f87ffb38b55b444b5e3b60a884b5d30c0fca7d82fe33449bbe55ea"

[[package]]
name = "ident_case"
version = "1.0.1"
source = "registry+https://github.com/rust-lang/crates.io-index"
checksum = "b9e0384b61958566e926dc50660321d12159025e767c18e043daf26b70104c39"

[[package]]
name = "indexmap"
version = "2.11.1"
source = "registry+https://github.com/rust-lang/crates.io-index"
checksum = "206a8042aec68fa4a62e8d3f7aa4ceb508177d9324faf261e1959e495b7a1921"
dependencies = [
 "equivalent",
 "hashbrown",
 "serde",
]

[[package]]
name = "indoc"
version = "2.0.6"
source = "registry+https://github.com/rust-lang/crates.io-index"
checksum = "f4c7245a08504955605670dbf141fceab975f15ca21570696aebe9d2e71576bd"

[[package]]
name = "instability"
version = "0.3.9"
source = "registry+https://github.com/rust-lang/crates.io-index"
checksum = "435d80800b936787d62688c927b6490e887c7ef5ff9ce922c6c6050fca75eb9a"
dependencies = [
 "darling 0.20.11",
 "indoc",
 "proc-macro2",
 "quote",
 "syn",
]

[[package]]
name = "itoa"
version = "1.0.15"
source = "registry+https://github.com/rust-lang/crates.io-index"
checksum = "4a5f13b858c8d314ee3e8f639011f7ccefe71f97f96e50151fb991f267928e2c"

[[package]]
name = "jiff"
version = "0.2.15"
source = "registry+https://github.com/rust-lang/crates.io-index"
checksum = "be1f93b8b1eb69c77f24bbb0afdf66f54b632ee39af40ca21c4365a1d7347e49"
dependencies = [
 "jiff-static",
 "log",
 "portable-atomic",
 "portable-atomic-util",
 "serde",
]

[[package]]
name = "jiff-static"
version = "0.2.15"
source = "registry+https://github.com/rust-lang/crates.io-index"
checksum = "03343451ff899767262ec32146f6d559dd759fdadf42ff0e227c7c48f72594b4"
dependencies = [
 "proc-macro2",
 "quote",
 "syn",
]

[[package]]
name = "litrs"
version = "0.4.2"
source = "registry+https://github.com/rust-lang/crates.io-index"
checksum = "f5e54036fe321fd421e10d732f155734c4e4afd610dd556d9a82833ab3ee0bed"
dependencies = [
 "proc-macro2",
]

[[package]]
name = "log"
version = "0.4.28"
source = "registry+https://github.com/rust-lang/crates.io-index"
checksum = "34080505efa8e45a4b816c349525ebe327ceaa8559756f0356cba97ef3bf7432"

[[package]]
name = "memchr"
version = "2.7.5"
source = "registry+https://github.com/rust-lang/crates.io-index"
checksum = "32a282da65faaf38286cf3be983213fcf1d2e2a58700e808f83f4ea9a4804bc0"

[[package]]
name = "nb"
version = "0.1.3"
source = "registry+https://github.com/rust-lang/crates.io-index"
checksum = "801d31da0513b6ec5214e9bf433a77966320625a37860f910be265be6e18d06f"
dependencies = [
 "nb 1.1.0",
]

[[package]]
name = "nb"
version = "1.1.0"
source = "registry+https://github.com/rust-lang/crates.io-index"
checksum = "8d5439c4ad607c3c23abf66de8c8bf57ba8adcd1f129e699851a6e43935d339d"

[[package]]
name = "num-traits"
version = "0.2.19"
source = "registry+https://github.com/rust-lang/crates.io-index"
checksum = "071dfc062690e90b734c0b2273ce72ad0ffa95f0c74596bc250dcfd960262841"
dependencies = [
 "autocfg",
]

[[package]]
name = "object"
version = "0.36.7"
source = "registry+https://github.com/rust-lang/crates.io-index"
checksum = "62948e14d923ea95ea2c7c86c71013138b66525b86bdc08d2dcc262bdb497b87"
dependencies = [
 "memchr",
]

[[package]]
name = "paste"
version = "1.0.15"
source = "registry+https://github.com/rust-lang/crates.io-index"
checksum = "57c0d7b74b563b49d38dae00a0c37d4d6de9b432382b2892f0574ddcae73fd0a"

[[package]]
name = "pin-project-lite"
version = "0.2.16"
source = "registry+https://github.com/rust-lang/crates.io-index"
checksum = "3b3cff922bd51709b605d9ead9aa71031d81447142d828eb4a6eba76fe619f9b"

[[package]]
name = "pin-utils"
version = "0.1.0"
source = "registry+https://github.com/rust-lang/crates.io-index"
checksum = "8b870d8c151b6f2fb93e84a13146138f05d02ed11c7e7c54f8826aaaf7c9f184"

[[package]]
name = "portable-atomic"
version = "1.11.1"
source = "registry+https://github.com/rust-lang/crates.io-index"
checksum = "f84267b20a16ea918e43c6a88433c2d54fa145c92a811b5b047ccbe153674483"

[[package]]
name = "portable-atomic-util"
version = "0.2.4"
source = "registry+https://github.com/rust-lang/crates.io-index"
checksum = "d8a2f0d8d040d7848a709caf78912debcc3f33ee4b3cac47d73d1e1069e83507"
dependencies = [
 "portable-atomic",
]

[[package]]
name = "proc-macro-crate"
version = "3.3.0"
source = "registry+https://github.com/rust-lang/crates.io-index"
checksum = "edce586971a4dfaa28950c6f18ed55e0406c1ab88bbce2c6f6293a7aaba73d35"
dependencies = [
 "toml_edit",
]

[[package]]
name = "proc-macro-error-attr2"
version = "2.0.0"
source = "registry+https://github.com/rust-lang/crates.io-index"
checksum = "96de42df36bb9bba5542fe9f1a054b8cc87e172759a1868aa05c1f3acc89dfc5"
dependencies = [
 "proc-macro2",
 "quote",
]

[[package]]
name = "proc-macro-error2"
version = "2.0.1"
source = "registry+https://github.com/rust-lang/crates.io-index"
checksum = "11ec05c52be0a07b08061f7dd003e7d7092e0472bc731b4af7bb1ef876109802"
dependencies = [
 "proc-macro-error-attr2",
 "proc-macro2",
 "quote",
 "syn",
]

[[package]]
name = "proc-macro2"
version = "1.0.101"
source = "registry+https://github.com/rust-lang/crates.io-index"
checksum = "89ae43fd86e4158d6db51ad8e2b80f313af9cc74f5c0e03ccb87de09998732de"
dependencies = [
 "unicode-ident",
]

[[package]]
name = "quote"
version = "1.0.40"
source = "registry+https://github.com/rust-lang/crates.io-index"
checksum = "1885c039570dc00dcb4ff087a89e185fd56bae234ddc7f056a945bf36467248d"
dependencies = [
 "proc-macro2",
]

[[package]]
name = "r0"
version = "1.0.0"
source = "registry+https://github.com/rust-lang/crates.io-index"
checksum = "bd7a31eed1591dcbc95d92ad7161908e72f4677f8fabf2a32ca49b4237cbf211"

[[package]]
name = "rand_core"
version = "0.6.4"
source = "registry+https://github.com/rust-lang/crates.io-index"
checksum = "ec0be4795e2f6a28069bec0b5ff3e2ac9bafc99e6a9a7dc3547996c5c816922c"

[[package]]
name = "rand_core"
version = "0.9.3"
source = "registry+https://github.com/rust-lang/crates.io-index"
checksum = "99d9a13982dcf210057a8a78572b2217b667c3beacbf3a0d8b454f6f82837d38"

[[package]]
name = "riscv"
version = "0.12.1"
source = "registry+https://github.com/rust-lang/crates.io-index"
checksum = "5ea8ff73d3720bdd0a97925f0bf79ad2744b6da8ff36be3840c48ac81191d7a7"
dependencies = [
 "critical-section",
 "embedded-hal 1.0.0",
 "paste",
 "riscv-macros 0.1.0",
 "riscv-pac",
]

[[package]]
name = "riscv"
version = "0.14.0"
source = "registry+https://github.com/rust-lang/crates.io-index"
checksum = "0f1671c79a01a149fe000af2429ce9ccc8e58cdecda72672355d50e5536b363c"
dependencies = [
 "critical-section",
 "embedded-hal 1.0.0",
 "paste",
 "riscv-macros 0.2.0",
 "riscv-pac",
]

[[package]]
name = "riscv-macros"
version = "0.1.0"
source = "registry+https://github.com/rust-lang/crates.io-index"
checksum = "f265be5d634272320a7de94cea15c22a3bfdd4eb42eb43edc528415f066a1f25"
dependencies = [
 "proc-macro2",
 "quote",
 "syn",
]

[[package]]
name = "riscv-macros"
version = "0.2.0"
source = "registry+https://github.com/rust-lang/crates.io-index"
checksum = "e8c4aa1ea1af6dcc83a61be12e8189f9b293c3ba5a487778a4cd89fb060fdbbc"
dependencies = [
 "proc-macro2",
 "quote",
 "syn",
]

[[package]]
name = "riscv-pac"
version = "0.2.0"
source = "registry+https://github.com/rust-lang/crates.io-index"
checksum = "8188909339ccc0c68cfb5a04648313f09621e8b87dc03095454f1a11f6c5d436"

[[package]]
name = "riscv-rt-macros"
version = "0.4.0"
source = "registry+https://github.com/rust-lang/crates.io-index"
checksum = "fc71814687c45ba4cd1e47a54e03a2dbc62ca3667098fbae9cc6b423956758fa"
dependencies = [
 "proc-macro2",
 "quote",
 "syn",
]

[[package]]
name = "rtic"
version = "2.2.0"
dependencies = [
 "bare-metal",
 "critical-section",
 "esp32c6",
 "portable-atomic",
 "riscv 0.14.0",
 "rtic-core",
 "rtic-macros",
]

[[package]]
name = "rtic-common"
version = "1.1.0"
dependencies = [
 "critical-section",
 "portable-atomic",
]

[[package]]
name = "rtic-core"
version = "1.0.0"
source = "registry+https://github.com/rust-lang/crates.io-index"
checksum = "d9369355b04d06a3780ec0f51ea2d225624db777acbc60abd8ca4832da5c1a42"

[[package]]
name = "rtic-macros"
version = "2.2.0"
dependencies = [
 "indexmap",
 "proc-macro-error2",
 "proc-macro2",
 "quote",
 "syn",
]

[[package]]
name = "rtic-monotonics"
version = "2.1.0"
dependencies = [
 "cfg-if",
 "esp32c6",
 "fugit",
 "portable-atomic",
 "riscv 0.14.0",
 "rtic-time",
]

[[package]]
name = "rtic-time"
version = "2.0.1"
dependencies = [
 "critical-section",
 "embedded-hal 1.0.0",
 "embedded-hal-async",
 "fugit",
 "futures-util",
 "rtic-common",
]

[[package]]
name = "ryu"
version = "1.0.20"
source = "registry+https://github.com/rust-lang/crates.io-index"
checksum = "28d3b2b1366ec20994f1fd18c3c594f05c5dd4bc44d8bb0c1c632c8d6829481f"

[[package]]
name = "serde"
version = "1.0.220"
source = "registry+https://github.com/rust-lang/crates.io-index"
checksum = "ceecad4c782e936ac90ecfd6b56532322e3262b14320abf30ce89a92ffdbfe22"
dependencies = [
 "serde_core",
 "serde_derive",
]

[[package]]
name = "serde_core"
version = "1.0.220"
source = "registry+https://github.com/rust-lang/crates.io-index"
checksum = "ddba47394f3b862d6ff6efdbd26ca4673e3566a307880a0ffb98f274bbe0ec32"
dependencies = [
 "serde_derive",
]

[[package]]
name = "serde_derive"
version = "1.0.220"
source = "registry+https://github.com/rust-lang/crates.io-index"
checksum = "60e1f3b1761e96def5ec6d04a6e7421c0404fa3cf5c0155f1e2848fae3d8cc08"
dependencies = [
 "proc-macro2",
 "quote",
 "syn",
]

[[package]]
name = "serde_yaml"
version = "0.9.34+deprecated"
source = "registry+https://github.com/rust-lang/crates.io-index"
checksum = "6a8b1a1a2ebf674015cc02edccce75287f1a0130d394307b36743c2f5d504b47"
dependencies = [
 "indexmap",
 "itoa",
 "ryu",
 "serde",
 "unsafe-libyaml",
]

[[package]]
name = "stable_deref_trait"
version = "1.2.0"
source = "registry+https://github.com/rust-lang/crates.io-index"
checksum = "a8f112729512f8e442d81f95a8a7ddf2b7c6b8a1a6f509a95864142b30cab2d3"

[[package]]
name = "strsim"
version = "0.11.1"
source = "registry+https://github.com/rust-lang/crates.io-index"
checksum = "7da8b5736845d9f2fcb837ea5d9e2628564b3b043a70948a3f0b778838c5fb4f"

[[package]]
name = "strum"
version = "0.27.2"
source = "registry+https://github.com/rust-lang/crates.io-index"
checksum = "af23d6f6c1a224baef9d3f61e287d2761385a5b88fdab4eb4c6f11aeb54c4bcf"
dependencies = [
 "strum_macros",
]

[[package]]
name = "strum_macros"
version = "0.27.2"
source = "registry+https://github.com/rust-lang/crates.io-index"
checksum = "7695ce3845ea4b33927c055a39dc438a45b059f7c1b3d91d38d10355fb8cbca7"
dependencies = [
 "heck",
 "proc-macro2",
 "quote",
 "syn",
]

[[package]]
name = "syn"
version = "2.0.106"
source = "registry+https://github.com/rust-lang/crates.io-index"
checksum = "ede7c438028d4436d71104916910f5bb611972c5cfd7f89b8300a8186e6fada6"
dependencies = [
 "proc-macro2",
 "quote",
 "unicode-ident",
]

[[package]]
name = "termcolor"
version = "1.4.1"
source = "registry+https://github.com/rust-lang/crates.io-index"
checksum = "06794f8f6c5c898b3275aebefa6b8a1cb24cd2c6c79397ab15774837a0bc5755"
dependencies = [
 "winapi-util",
]

[[package]]
name = "toml_datetime"
version = "0.6.11"
source = "registry+https://github.com/rust-lang/crates.io-index"
checksum = "22cddaf88f4fbc13c51aebbf5f8eceb5c7c5a9da2ac40a13519eb5b0a0e8f11c"

[[package]]
name = "toml_edit"
version = "0.22.27"
source = "registry+https://github.com/rust-lang/crates.io-index"
checksum = "41fe8c660ae4257887cf66394862d21dbca4a6ddd26f04a3560410406a2f819a"
dependencies = [
 "indexmap",
 "toml_datetime",
 "winnow",
]

[[package]]
name = "typenum"
version = "1.18.0"
source = "registry+https://github.com/rust-lang/crates.io-index"
checksum = "1dccffe3ce07af9386bfd29e80c0ab1a8205a2fc34e4bcd40364df902cfa8f3f"

[[package]]
name = "ufmt-write"
version = "0.1.0"
source = "registry+https://github.com/rust-lang/crates.io-index"
checksum = "e87a2ed6b42ec5e28cc3b94c09982969e9227600b2e3dcbc1db927a84c06bd69"

[[package]]
name = "unicode-ident"
version = "1.0.19"
source = "registry+https://github.com/rust-lang/crates.io-index"
checksum = "f63a545481291138910575129486daeaf8ac54aee4387fe7906919f7830c7d9d"

[[package]]
name = "unsafe-libyaml"
version = "0.2.11"
source = "registry+https://github.com/rust-lang/crates.io-index"
checksum = "673aac59facbab8a9007c7f6108d11f63b603f7cabff99fabf650fea5c32b861"

[[package]]
name = "vcell"
version = "0.1.3"
source = "registry+https://github.com/rust-lang/crates.io-index"
checksum = "77439c1b53d2303b20d9459b1ade71a83c716e3f9c34f3228c00e6f185d6c002"

[[package]]
name = "version_check"
version = "0.9.5"
source = "registry+https://github.com/rust-lang/crates.io-index"
checksum = "0b928f33d975fc6ad9f86c8f283853ad26bdd5b10b7f1542aa2fa15e2289105a"

[[package]]
name = "void"
version = "1.0.2"
source = "registry+https://github.com/rust-lang/crates.io-index"
checksum = "6a02e4885ed3bc0f2de90ea6dd45ebcbb66dacffe03547fadbb0eeae2770887d"

[[package]]
name = "winapi-util"
version = "0.1.11"
source = "registry+https://github.com/rust-lang/crates.io-index"
checksum = "c2a7b1c03c876122aa43f3020e6c3c3ee5c05081c9a00739faf7503aeba10d22"
dependencies = [
 "windows-sys",
]

[[package]]
name = "windows-link"
version = "0.2.0"
source = "registry+https://github.com/rust-lang/crates.io-index"
checksum = "45e46c0661abb7180e7b9c281db115305d49ca1709ab8242adf09666d2173c65"

[[package]]
name = "windows-sys"
version = "0.61.0"
source = "registry+https://github.com/rust-lang/crates.io-index"
checksum = "e201184e40b2ede64bc2ea34968b28e33622acdbbf37104f0e4a33f7abe657aa"
dependencies = [
 "windows-link",
]

[[package]]
name = "winnow"
version = "0.7.13"
source = "registry+https://github.com/rust-lang/crates.io-index"
checksum = "21a0236b59786fed61e2a80582dd500fe61f18b5dca67a4a067d0bc9039339cf"
dependencies = [
 "memchr",
]

[[package]]
name = "xtensa-lx"
version = "0.12.0"
source = "registry+https://github.com/rust-lang/crates.io-index"
checksum = "3a564fffeb3cd773a524e8d8a5c66ca5e9739ea7450e36a3e6a54dd31f1e652f"
dependencies = [
 "critical-section",
]

[[package]]
name = "xtensa-lx-rt"
version = "0.20.0"
source = "registry+https://github.com/rust-lang/crates.io-index"
checksum = "520a8fb0121eb6868f4f5ff383e262dc863f9042496724e01673a98a9b7e6c2b"
dependencies = [
 "document-features",
 "r0",
 "xtensa-lx",
 "xtensa-lx-rt-proc-macros",
]

[[package]]
name = "xtensa-lx-rt-proc-macros"
version = "0.4.0"
source = "registry+https://github.com/rust-lang/crates.io-index"
checksum = "c5a56a616147f5947ceb673790dd618d77b30e26e677f4a896df049d73059438"
dependencies = [
 "proc-macro2",
 "quote",
 "syn",
]
