# This file is automatically @generated by Cargo.
# It is not intended for manual editing.
version = 3

[[package]]
name = "atomic-polyfill"
version = "1.0.3"
source = "registry+https://github.com/rust-lang/crates.io-index"
checksum = "8cf2bce30dfe09ef0bfaef228b9d414faaf7e563035494d7fe092dba54b300f4"
dependencies = [
 "critical-section",
]

[[package]]
name = "bare-metal"
version = "1.0.0"
source = "registry+https://github.com/rust-lang/crates.io-index"
checksum = "f8fe8f5a8a398345e52358e18ff07cc17a568fbca5c6f73873d3a62056309603"

[[package]]
name = "bit_field"
version = "0.10.2"
source = "registry+https://github.com/rust-lang/crates.io-index"
checksum = "dc827186963e592360843fb5ba4b973e145841266c1357f7180c43526f2e5b61"

[[package]]
name = "byteorder"
version = "1.5.0"
source = "registry+https://github.com/rust-lang/crates.io-index"
checksum = "1fd0f2584146f6f2ef48085050886acf353beff7305ebd1ae69500e27c67f64b"

[[package]]
name = "critical-section"
version = "1.1.2"
source = "registry+https://github.com/rust-lang/crates.io-index"
checksum = "7059fff8937831a9ae6f0fe4d658ffabf58f2ca96aa9dec1c889f936f705f216"

[[package]]
name = "e310x"
version = "0.11.0"
source = "git+https://github.com/greenlsi/e310x.git?branch=master#5739f58440f742f158c5ab58bed41f4ffcaa70a2"
dependencies = [
 "critical-section",
 "riscv-pac",
 "riscv-peripheral",
 "vcell",
]

[[package]]
name = "e310x-hal"
version = "0.11.0"
source = "git+https://github.com/greenlsi/e310x-hal.git?branch=master#921c0adc87423b00d9bc004b0df9c09315bbfe7d"
dependencies = [
 "e310x",
 "embedded-hal 0.2.7",
 "nb 1.1.0",
 "portable-atomic",
 "riscv 0.10.1 (registry+https://github.com/rust-lang/crates.io-index)",
]

[[package]]
name = "embedded-hal"
version = "0.2.7"
source = "registry+https://github.com/rust-lang/crates.io-index"
checksum = "35949884794ad573cf46071e41c9b60efb0cb311e3ca01f7af807af1debc66ff"
dependencies = [
 "nb 0.1.3",
 "void",
]

[[package]]
name = "embedded-hal"
version = "1.0.0"
source = "registry+https://github.com/rust-lang/crates.io-index"
checksum = "361a90feb7004eca4019fb28352a9465666b24f840f5c3cddf0ff13920590b89"

[[package]]
name = "equivalent"
version = "1.0.1"
source = "registry+https://github.com/rust-lang/crates.io-index"
checksum = "5443807d6dff69373d433ab9ef5378ad8df50ca6298caf15de6e52e24aaf54d5"

[[package]]
name = "hash32"
version = "0.3.1"
source = "registry+https://github.com/rust-lang/crates.io-index"
checksum = "47d60b12902ba28e2730cd37e95b8c9223af2808df9e902d4df49588d1470606"
dependencies = [
 "byteorder",
]

[[package]]
name = "hashbrown"
version = "0.14.3"
source = "registry+https://github.com/rust-lang/crates.io-index"
checksum = "290f1a1d9242c78d09ce40a5e87e7554ee637af1351968159f4952f028f75604"

[[package]]
name = "heapless"
version = "0.8.0"
source = "registry+https://github.com/rust-lang/crates.io-index"
checksum = "0bfb9eb618601c89945a70e254898da93b13be0388091d42117462b265bb3fad"
dependencies = [
 "hash32",
 "stable_deref_trait",
]

[[package]]
name = "hifive1"
version = "0.11.0"
source = "git+https://github.com/romancardenas/hifive1.git#4fff8049a94e87f4196e3a1d24adbbf4272a49bd"
dependencies = [
 "e310x-hal",
 "embedded-hal 0.2.7",
 "nb 1.1.0",
 "riscv 0.10.1 (git+https://github.com/rust-embedded/riscv.git?branch=master)",
]

[[package]]
name = "indexmap"
version = "2.1.0"
source = "registry+https://github.com/rust-lang/crates.io-index"
checksum = "d530e1a18b1cb4c484e6e34556a0d948706958449fca0cab753d649f2bce3d1f"
dependencies = [
 "equivalent",
 "hashbrown",
]

[[package]]
name = "nb"
version = "0.1.3"
source = "registry+https://github.com/rust-lang/crates.io-index"
checksum = "801d31da0513b6ec5214e9bf433a77966320625a37860f910be265be6e18d06f"
dependencies = [
 "nb 1.1.0",
]

[[package]]
name = "nb"
version = "1.1.0"
source = "registry+https://github.com/rust-lang/crates.io-index"
checksum = "8d5439c4ad607c3c23abf66de8c8bf57ba8adcd1f129e699851a6e43935d339d"

[[package]]
name = "portable-atomic"
version = "1.6.0"
source = "registry+https://github.com/rust-lang/crates.io-index"
checksum = "7170ef9988bc169ba16dd36a7fa041e5c4cbeb6a35b76d4c03daded371eae7c0"

[[package]]
name = "proc-macro-error"
version = "1.0.4"
source = "registry+https://github.com/rust-lang/crates.io-index"
checksum = "da25490ff9892aab3fcf7c36f08cfb902dd3e71ca0f9f9517bea02a73a5ce38c"
dependencies = [
 "proc-macro-error-attr",
 "proc-macro2",
 "quote",
 "syn 1.0.109",
 "version_check",
]

[[package]]
name = "proc-macro-error-attr"
version = "1.0.4"
source = "registry+https://github.com/rust-lang/crates.io-index"
checksum = "a1be40180e52ecc98ad80b184934baf3d0d29f979574e439af5a55274b35f869"
dependencies = [
 "proc-macro2",
 "quote",
 "version_check",
]

[[package]]
name = "proc-macro2"
version = "1.0.71"
source = "registry+https://github.com/rust-lang/crates.io-index"
checksum = "75cb1540fadbd5b8fbccc4dddad2734eba435053f725621c070711a14bb5f4b8"
dependencies = [
 "unicode-ident",
]

[[package]]
name = "quote"
version = "1.0.33"
source = "registry+https://github.com/rust-lang/crates.io-index"
checksum = "5267fca4496028628a95160fc423a33e8b2e6af8a5302579e322e4b520293cae"
dependencies = [
 "proc-macro2",
]

[[package]]
name = "riscv"
version = "0.10.1"
source = "registry+https://github.com/rust-lang/crates.io-index"
checksum = "aa3145d2fae3778b1e31ec2e827b228bdc6abd9b74bb5705ba46dcb82069bc4f"
dependencies = [
 "bit_field",
 "critical-section",
 "embedded-hal 0.2.7",
]

[[package]]
name = "riscv"
version = "0.10.1"
source = "git+https://github.com/rust-embedded/riscv.git?branch=add-ecall#149d917c910d056449b8571fa84682c51a69f407"
dependencies = [
 "critical-section",
 "embedded-hal 1.0.0",
]

[[package]]
name = "riscv"
version = "0.10.1"
source = "git+https://github.com/rust-embedded/riscv.git?branch=add-peripheral#5b012c0978e16e00781fbb3d2757cba8a7c4e4d7"
dependencies = [
 "critical-section",
 "embedded-hal 1.0.0",
]

[[package]]
name = "riscv"
version = "0.10.1"
source = "git+https://github.com/rust-embedded/riscv.git?branch=master#0a021ea9bcd0bbe91cf6e8046611e76985848d34"
dependencies = [
 "critical-section",
 "embedded-hal 1.0.0",
]

[[package]]
name = "riscv"
version = "0.10.1"
source = "git+https://github.com/rust-embedded/riscv.git#c0ce6767b8184eba71b935382ecaa50ee092378d"
dependencies = [
 "critical-section",
 "embedded-hal 1.0.0",
]

[[package]]
name = "riscv-pac"
version = "0.1.0"
source = "git+https://github.com/rust-embedded/riscv.git?branch=add-peripheral#5b012c0978e16e00781fbb3d2757cba8a7c4e4d7"

[[package]]
name = "riscv-peripheral"
version = "0.1.0"
source = "git+https://github.com/rust-embedded/riscv.git?branch=add-peripheral#5b012c0978e16e00781fbb3d2757cba8a7c4e4d7"
dependencies = [
 "embedded-hal 1.0.0",
 "riscv 0.10.1 (git+https://github.com/rust-embedded/riscv.git?branch=add-peripheral)",
 "riscv-pac",
]

[[package]]
name = "riscv-rt"
version = "0.11.0"
source = "git+https://github.com/rust-embedded/riscv.git#c0ce6767b8184eba71b935382ecaa50ee092378d"
dependencies = [
 "riscv 0.10.1 (git+https://github.com/rust-embedded/riscv.git)",
 "riscv-rt-macros",
]

[[package]]
name = "riscv-rt-macros"
version = "0.2.0"
source = "git+https://github.com/rust-embedded/riscv.git#c0ce6767b8184eba71b935382ecaa50ee092378d"
dependencies = [
 "proc-macro2",
 "quote",
 "syn 1.0.109",
]

[[package]]
name = "riscv-slic"
version = "0.1.0"
source = "git+https://github.com/romancardenas/riscv-slic.git?rev=38700c0#38700c02cbc85ec4d0850dc654e30a12e17003e2"
dependencies = [
 "heapless",
 "portable-atomic",
 "riscv 0.10.1 (git+https://github.com/rust-embedded/riscv.git?branch=add-ecall)",
 "riscv-slic-macros",
]

[[package]]
name = "riscv-slic-macros"
version = "0.1.0"
source = "git+https://github.com/romancardenas/riscv-slic.git?rev=38700c0#38700c02cbc85ec4d0850dc654e30a12e17003e2"
dependencies = [
 "proc-macro2",
 "quote",
 "syn 2.0.43",
]

[[package]]
name = "rtic"
version = "2.0.1"
dependencies = [
 "atomic-polyfill",
 "bare-metal",
 "critical-section",
 "riscv 0.10.1 (registry+https://github.com/rust-lang/crates.io-index)",
 "riscv-slic",
 "rtic-core",
 "rtic-macros",
]

[[package]]
name = "rtic-core"
version = "1.0.0"
source = "registry+https://github.com/rust-lang/crates.io-index"
checksum = "d9369355b04d06a3780ec0f51ea2d225624db777acbc60abd8ca4832da5c1a42"

[[package]]
name = "rtic-macros"
version = "2.0.1"
dependencies = [
 "indexmap",
 "proc-macro-error",
 "proc-macro2",
 "quote",
 "syn 1.0.109",
]

[[package]]
name = "rtic_hifive1"
version = "0.1.0"
dependencies = [
 "e310x",
 "hifive1",
 "riscv 0.10.1 (git+https://github.com/rust-embedded/riscv.git)",
 "riscv-rt",
 "rtic",
 "semihosting",
]

[[package]]
name = "semihosting"
version = "0.1.5"
source = "registry+https://github.com/rust-lang/crates.io-index"
checksum = "bab7a0be8d9e9893dfb5ce313aa0324396936d8bf788f5ef493c9f122ad84fd8"

[[package]]
name = "stable_deref_trait"
version = "1.2.0"
source = "registry+https://github.com/rust-lang/crates.io-index"
checksum = "a8f112729512f8e442d81f95a8a7ddf2b7c6b8a1a6f509a95864142b30cab2d3"

[[package]]
name = "syn"
version = "1.0.109"
source = "registry+https://github.com/rust-lang/crates.io-index"
checksum = "72b64191b275b66ffe2469e8af2c1cfe3bafa67b529ead792a6d0160888b4237"
dependencies = [
 "proc-macro2",
 "quote",
 "unicode-ident",
]

[[package]]
name = "syn"
version = "2.0.43"
source = "registry+https://github.com/rust-lang/crates.io-index"
checksum = "ee659fb5f3d355364e1f3e5bc10fb82068efbf824a1e9d1c9504244a6469ad53"
dependencies = [
 "proc-macro2",
 "quote",
 "unicode-ident",
]

[[package]]
name = "unicode-ident"
version = "1.0.12"
source = "registry+https://github.com/rust-lang/crates.io-index"
checksum = "3354b9ac3fae1ff6755cb6db53683adb661634f67557942dea4facebec0fee4b"

[[package]]
name = "vcell"
version = "0.1.3"
source = "registry+https://github.com/rust-lang/crates.io-index"
checksum = "77439c1b53d2303b20d9459b1ade71a83c716e3f9c34f3228c00e6f185d6c002"

[[package]]
name = "version_check"
version = "0.9.4"
source = "registry+https://github.com/rust-lang/crates.io-index"
checksum = "49874b5167b65d7193b8aba1567f5c7d93d001cafc34600cee003eda787e483f"

[[package]]
name = "void"
version = "1.0.2"
source = "registry+https://github.com/rust-lang/crates.io-index"
checksum = "6a02e4885ed3bc0f2de90ea6dd45ebcbb66dacffe03547fadbb0eeae2770887d"
